# This file is autogenerated, do not edit; changes may be undone by the next 'dep ensure'.


[[projects]]
  branch = "master"
  digest = "1:6da51e5ec493ad2b44cb04129e2d0a068c8fb9bd6cb5739d199573558696bb94"
  name = "github.com/Azure/go-ansiterm"
  packages = [
    ".",
    "winterm",
  ]
  pruneopts = "UT"
  revision = "d6e3b3328b783f23731bc4d058875b0371ff8109"

[[projects]]
  digest = "1:adbfc2db750d6fbe0c165ad801ba2d730883a3bc40bc8fe829516eb42ed17771"
  name = "github.com/Microsoft/go-winio"
  packages = ["."]
  pruneopts = "UT"
  revision = "a6d595ae73cf27a1b8fc32930668708f45ce1c85"
  version = "v0.4.9"

[[projects]]
  branch = "master"
  digest = "1:3721a10686511b80c052323423f0de17a8c06d417dbdd3b392b1578432a33aae"
  name = "github.com/Nvveen/Gotty"
  packages = ["."]
  pruneopts = "UT"
  revision = "cd527374f1e5bff4938207604a14f2e38a9cf512"

[[projects]]
  digest = "1:d1665c44bd5db19aaee18d1b6233c99b0b9a986e8bccb24ef54747547a48027f"
  name = "github.com/PuerkitoBio/purell"
  packages = ["."]
  pruneopts = "UT"
  revision = "0bcb03f4b4d0a9428594752bd2a3b9aa0a9d4bd4"
  version = "v1.1.0"

[[projects]]
  branch = "master"
  digest = "1:c739832d67eb1e9cc478a19cc1a1ccd78df0397bf8a32978b759152e205f644b"
  name = "github.com/PuerkitoBio/urlesc"
  packages = ["."]
  pruneopts = "UT"
  revision = "de5bf2ad457846296e2031421a34e2568e304e35"

[[projects]]
  digest = "1:320e7ead93de9fd2b0e59b50fd92a4d50c1f8ab455d96bc2eb083267453a9709"
  name = "github.com/asaskevich/govalidator"
  packages = ["."]
  pruneopts = "UT"
  revision = "ccb8e960c48f04d6935e72476ae4a51028f9e22f"
  version = "v9"

[[projects]]
  digest = "1:2209584c0f7c9b68c23374e659357ab546e1b70eec2761f03280f69a8fd23d77"
  name = "github.com/cenkalti/backoff"
  packages = ["."]
  pruneopts = "UT"
  revision = "2ea60e5f094469f9e65adb9cd103795b73ae743e"
  version = "v2.0.0"

[[projects]]
  branch = "master"
  digest = "1:fc8dbcc2a5de7c093e167828ebbdf551641761d2ad75431d3a167d467a264115"
  name = "github.com/containerd/continuity"
  packages = ["pathdriver"]
  pruneopts = "UT"
  revision = "0377f7d767206f3a9e8881d0f02267b0d89c7a62"

[[projects]]
  digest = "1:87dcb59127512b84097086504c16595cf8fef35b9e0bfca565dfc06e198158d7"
  name = "github.com/docker/go-connections"
  packages = ["nat"]
  pruneopts = "UT"
  revision = "3ede32e2033de7505e6500d6c868c2b9ed9f169d"
  version = "v0.3.0"

[[projects]]
  digest = "1:6f82cacd0af5921e99bf3f46748705239b36489464f4529a1589bc895764fb18"
  name = "github.com/docker/go-units"
  packages = ["."]
  pruneopts = "UT"
  revision = "47565b4f722fb6ceae66b95f853feed578a4a51c"
  version = "v0.3.3"

[[projects]]
  digest = "1:761ef52ff27e92ff785cfaa62b9928963c880fa0560e88fcbfe4387e4f34f8d0"
  name = "github.com/go-openapi/analysis"
  packages = ["."]
  pruneopts = "UT"
  revision = "3c8fe72ed5d307113ef76c7c3035964d7e4d4b73"
  version = "0.15.0"

[[projects]]
  digest = "1:7a90552bf0ad97b41a4ac036d42aad77956c19b28398188ff7a5cc70b0c8bbf4"
  name = "github.com/go-openapi/errors"
  packages = ["."]
  pruneopts = "UT"
  revision = "b2b2befaf267d082d779bcef52d682a47c779517"
  version = "0.15.0"

[[projects]]
  digest = "1:2997679181d901ac8aaf4330d11138ecf3974c6d3334995ff36f20cbd597daf8"
  name = "github.com/go-openapi/jsonpointer"
  packages = ["."]
  pruneopts = "UT"
  revision = "3a0015ad55fa9873f41605d3e8f28cd279c32ab2"
  version = "0.15.0"

[[projects]]
  digest = "1:1ae3f233d75a731b164ca9feafd8ed646cbedf1784095876ed6988ce8aa88b1f"
  name = "github.com/go-openapi/jsonreference"
  packages = ["."]
  pruneopts = "UT"
  revision = "3fb327e6747da3043567ee86abd02bb6376b6be2"
  version = "0.15.0"

[[projects]]
  digest = "1:ff04019588fc028ac28c3c565ce5316461a4641df197555041ee66cf45d213e3"
  name = "github.com/go-openapi/loads"
  packages = ["."]
  pruneopts = "UT"
  revision = "2a2b323bab96e6b1fdee110e57d959322446e9c9"
  version = "0.15.0"

[[projects]]
  digest = "1:c5d674857728a31a6c91b67d4ef755b2301f5caa2b58e98f7a2684b1f950b449"
  name = "github.com/go-openapi/runtime"
  packages = [
    ".",
    "flagext",
    "logger",
    "middleware",
    "middleware/denco",
    "middleware/header",
    "middleware/untyped",
    "security",
  ]
  pruneopts = "UT"
  revision = "9a3091f566c0811ef4d54b535179bc0fc484a11f"
  version = "0.15.0"

[[projects]]
  digest = "1:cbd9c1cc4ce36075f4ebf0e0525e6cda8597daac1a5eb5f7f88480a3c00e7319"
  name = "github.com/go-openapi/spec"
  packages = ["."]
  pruneopts = "UT"
  revision = "bce47c9386f9ecd6b86f450478a80103c3fe1402"
  version = "0.15.0"

[[projects]]
  digest = "1:c19e41854708ff52816cff12f30d454135f350a1e4fe6ab62a8be8df75458eb0"
  name = "github.com/go-openapi/strfmt"
  packages = ["."]
  pruneopts = "UT"
  revision = "913ee058e387ac83a67e2d9f13acecdcd5769fc6"
  version = "0.15.0"

[[projects]]
  digest = "1:731022b436cdb9b4b2a53be2ead693467a1474b8b873d4f90cb424fffdc3d0ff"
  name = "github.com/go-openapi/swag"
  packages = ["."]
  pruneopts = "UT"
  revision = "2b0bd4f193d011c203529df626a65d63cb8a79e8"
  version = "0.15.0"

[[projects]]
  digest = "1:1cbb7e317301affe9d14dc485fd07f71195a03fb460d5ffae4a932acc7c1a645"
  name = "github.com/go-openapi/validate"
  packages = ["."]
  pruneopts = "UT"
  revision = "9a6e517cddf1ddd47449be5d06a6a786e51d9986"
  version = "0.15.0"

[[projects]]
  digest = "1:adea5a94903eb4384abef30f3d878dc9ff6b6b5b0722da25b82e5169216dfb61"
  name = "github.com/go-sql-driver/mysql"
  packages = ["."]
  pruneopts = "UT"
  revision = "d523deb1b23d913de5bdada721a6071e71283618"
  version = "v1.4.0"

[[projects]]
  digest = "1:2155aded3b7f51598751f556d9a524d92b35ad4aa4bb41f2d69a0f4ca76a5bfd"
  name = "github.com/gobuffalo/packr"
  packages = ["."]
  pruneopts = "UT"
  revision = "9e76dbe10b00dd1fa8f29cfa4fac72297beb32a4"
  version = "v1.12.1"

[[projects]]
  digest = "1:bc38c7c481812e178d85160472e231c5e1c9a7f5845d67e23ee4e706933c10d8"
  name = "github.com/golang/mock"
  packages = ["gomock"]
  pruneopts = "UT"
  revision = "c34cdb4725f4c3844d095133c6e40e448b86589b"
  version = "v1.1.1"

[[projects]]
  digest = "1:c79fb010be38a59d657c48c6ba1d003a8aa651fa56b579d959d74573b7dff8e1"
  name = "github.com/gorilla/context"
  packages = ["."]
  pruneopts = "UT"
  revision = "08b5f424b9271eedf6f9f0ce86cb9396ed337a42"
  version = "v1.1.1"

[[projects]]
  digest = "1:e72d1ebb8d395cf9f346fd9cbc652e5ae222dd85e0ac842dc57f175abed6d195"
  name = "github.com/gorilla/securecookie"
  packages = ["."]
  pruneopts = "UT"
  revision = "e59506cc896acb7f7bf732d4fdf5e25f7ccd8983"
  version = "v1.1.1"

[[projects]]
  digest = "1:0fe783ea0c04c7d13f7c55d8f74b01b17e18a8320e7deecf578b41ef99b27205"
  name = "github.com/gorilla/sessions"
  packages = ["."]
  pruneopts = "UT"
  revision = "03b6f63cc43ef9c7240a635a5e22b13180e822b8"
  version = "v1.1.1"

[[projects]]
  digest = "1:a1038ef593beb4771c8f0f9c26e8b00410acd800af5c6864651d9bf160ea1813"
  name = "github.com/hpcloud/tail"
  packages = [
    ".",
    "ratelimiter",
    "util",
    "watch",
    "winfile",
  ]
  pruneopts = "UT"
  revision = "a30252cb686a21eb2d0b98132633053ec2f7f1e5"
  version = "v1.0.0"

[[projects]]
  digest = "1:a2cff208d4759f6ba1b1cd228587b0a1869f95f22542ec9cd17fff64430113c7"
  name = "github.com/jessevdk/go-flags"
  packages = ["."]
  pruneopts = "UT"
  revision = "c6ca198ec95c841fdb89fc0de7496fed11ab854e"
  version = "v1.4.0"

[[projects]]
  digest = "1:f56376daca8d6fd685640b2f3f550c1f7e08b3bcbfbf9a687e4ec8641b894b54"
  name = "github.com/jinzhu/gorm"
  packages = [
    ".",
    "dialects/mysql",
    "dialects/sqlite",
  ]
  pruneopts = "UT"
  revision = "6f4358eeb5e3df768c182ae54d90ceacff0880a8"
  version = "v1.9.16"

[[projects]]
  branch = "master"
  digest = "1:fd97437fbb6b7dce04132cf06775bd258cce305c44add58eb55ca86c6c325160"
  name = "github.com/jinzhu/inflection"
  packages = ["."]
  pruneopts = "UT"
  revision = "04140366298a54a039076d798123ffa108fff46c"

[[projects]]
  digest = "1:edbef42561faa44c19129b68d1e109fbc1647f63239250391eadc8d0e7c9f669"
  name = "github.com/kelseyhightower/envconfig"
  packages = ["."]
  pruneopts = "UT"
  revision = "f611eb38b3875cc3bd991ca91c51d06446afa14c"
  version = "v1.3.0"

[[projects]]
  branch = "master"
  digest = "1:84a5a2b67486d5d67060ac393aa255d05d24ed5ee41daecd5635ec22657b6492"
  name = "github.com/mailru/easyjson"
  packages = [
    "buffer",
    "jlexer",
    "jwriter",
  ]
  pruneopts = "UT"
  revision = "03f2033d19d5860aef995fe360ac7d395cd8ce65"

[[projects]]
  digest = "1:3cafc6a5a1b8269605d9df4c6956d43d8011fc57f266ca6b9d04da6c09dee548"
  name = "github.com/mattn/go-sqlite3"
  packages = ["."]
  pruneopts = "UT"
  revision = "25ecb14adfc7543176f7d85291ec7dba82c6f7e4"
  version = "v1.9.0"

[[projects]]
  branch = "master"
  digest = "1:5ab79470a1d0fb19b041a624415612f8236b3c06070161a910562f2b2d064355"
  name = "github.com/mitchellh/mapstructure"
  packages = ["."]
  pruneopts = "UT"
  revision = "f15292f7a699fcc1a38a80977f80a046874ba8ac"

[[projects]]
  digest = "1:42e29deef12327a69123b9cb2cb45fee4af5c12c2a23c6e477338279a052703f"
  name = "github.com/onsi/ginkgo"
  packages = [
    ".",
    "config",
    "internal/codelocation",
    "internal/containernode",
    "internal/failer",
    "internal/leafnodes",
    "internal/remote",
    "internal/spec",
    "internal/spec_iterator",
    "internal/specrunner",
    "internal/suite",
    "internal/testingtproxy",
    "internal/writer",
    "reporters",
    "reporters/stenographer",
    "reporters/stenographer/support/go-colorable",
    "reporters/stenographer/support/go-isatty",
    "types",
  ]
  pruneopts = "UT"
  revision = "3774a09d95489ccaa16032e0770d08ea77ba6184"
  version = "v1.6.0"

[[projects]]
  digest = "1:29f294e6a3b9d30629266b2765a8c203056387941e600405b8e8871c84653042"
  name = "github.com/onsi/gomega"
  packages = [
    ".",
    "format",
    "internal/assertion",
    "internal/asyncassertion",
    "internal/oraclematcher",
    "internal/testingtsupport",
    "matchers",
    "matchers/support/goraph/bipartitegraph",
    "matchers/support/goraph/edge",
    "matchers/support/goraph/node",
    "matchers/support/goraph/util",
    "types",
  ]
  pruneopts = "UT"
  revision = "b6ea1ea48f981d0f615a154a45eabb9dd466556d"
  version = "v1.4.1"

[[projects]]
  digest = "1:ee4d4af67d93cc7644157882329023ce9a7bcfce956a079069a9405521c7cc8d"
  name = "github.com/opencontainers/go-digest"
  packages = ["."]
  pruneopts = "UT"
  revision = "279bed98673dd5bef374d3b6e4b09e2af76183bf"
  version = "v1.0.0-rc1"

[[projects]]
  digest = "1:11db38d694c130c800d0aefb502fb02519e514dc53d9804ce51d1ad25ec27db6"
  name = "github.com/opencontainers/image-spec"
  packages = [
    "specs-go",
    "specs-go/v1",
  ]
  pruneopts = "UT"
  revision = "d60099175f88c47cd379c4738d158884749ed235"
  version = "v1.0.1"

[[projects]]
  digest = "1:1869683e323ebff2bdf8adcb560f82bf6f8d94019d35099e3403f7df12e9c07e"
  name = "github.com/opencontainers/runc"
  packages = [
    "libcontainer/system",
    "libcontainer/user",
  ]
  pruneopts = "UT"
  revision = "baf6536d6259209c3edfa2b22237af82942d3dfa"
  version = "v0.1.1"

[[projects]]
  digest = "1:30043aec872ed65d1a5522ebd15381c8b108edfb5ac791196c14f1e4e4325d69"
  name = "github.com/ory/dockertest"
  packages = [
    ".",
    "docker",
    "docker/opts",
    "docker/pkg/archive",
    "docker/pkg/fileutils",
    "docker/pkg/homedir",
    "docker/pkg/idtools",
    "docker/pkg/ioutils",
    "docker/pkg/jsonmessage",
    "docker/pkg/longpath",
    "docker/pkg/mount",
    "docker/pkg/pools",
    "docker/pkg/stdcopy",
    "docker/pkg/system",
    "docker/pkg/term",
    "docker/pkg/term/windows",
    "docker/types",
    "docker/types/blkiodev",
    "docker/types/container",
    "docker/types/filters",
    "docker/types/mount",
    "docker/types/network",
    "docker/types/registry",
    "docker/types/strslice",
    "docker/types/versions",
  ]
  pruneopts = "UT"
  revision = "9bca068bf5e4af2484b9c2e8cfeb3d098d5327d7"
  version = "v3.3.1"

[[projects]]
  digest = "1:40e195917a951a8bf867cd05de2a46aaf1806c50cf92eebf4c16f78cd196f747"
  name = "github.com/pkg/errors"
  packages = ["."]
  pruneopts = "UT"
  revision = "645ef00459ed84a119197bfb8d8205042c6df63d"
  version = "v0.8.0"

[[projects]]
  digest = "1:0b8dd7447e420afff0260179dc892711e837edd1d446bc78dab924624a3c3c81"
  name = "github.com/rs/cors"
  packages = ["."]
  pruneopts = "UT"
  revision = "3fb1b69b103a84de38a19c3c6ec073dd6caa4d3f"
  version = "v1.5.0"

[[projects]]
  branch = "master"
  digest = "1:cd638908d04442c8b6afd5d0221c21556e76c5e7130448ca97d249b47d66dd41"
  name = "github.com/rubenv/sql-migrate"
  packages = [
    ".",
    "sqlparse",
  ]
  pruneopts = "UT"
  revision = "3f452fc0ebebbb784fdab91f7bc79a31dcacab5c"

[[projects]]
  digest = "1:274f67cb6fed9588ea2521ecdac05a6d62a8c51c074c1fccc6a49a40ba80e925"
  name = "github.com/satori/go.uuid"
  packages = ["."]
  pruneopts = "UT"
  revision = "f58768cc1a7a7e77a3bd49e98cdd21419399b6a3"
  version = "v1.2.0"

[[projects]]
  digest = "1:d867dfa6751c8d7a435821ad3b736310c2ed68945d05b50fb9d23aee0540c8cc"
  name = "github.com/sirupsen/logrus"
  packages = ["."]
  pruneopts = "UT"
  revision = "3e01752db0189b9157070a0e1668a620f9a85da2"
  version = "v1.0.6"

[[projects]]
  digest = "1:43b8a34f6390d8fbdcfd300ed52103064e9eaaecc7e50b7e3518fe246ebe8403"
  name = "github.com/tylerb/graceful"
  packages = ["."]
  pruneopts = "UT"
  revision = "4654dfbb6ad53cb5e27f37d99b02e16c1872fbbb"
  version = "v1.2.15"

[[projects]]
  digest = "1:3c1a69cdae3501bf75e76d0d86dc6f2b0a7421bc205c0cb7b96b19eed464a34d"
  name = "go.uber.org/atomic"
  packages = ["."]
  pruneopts = "UT"
  revision = "1ea20fb1cbb1cc08cbd0d913a96dead89aa18289"
  version = "v1.3.2"

[[projects]]
  digest = "1:60bf2a5e347af463c42ed31a493d817f8a72f102543060ed992754e689805d1a"
  name = "go.uber.org/multierr"
  packages = ["."]
  pruneopts = "UT"
  revision = "3c4937480c32f4c13a875a1829af76c98ca3d40a"
  version = "v1.1.0"

[[projects]]
  digest = "1:c52caf7bd44f92e54627a31b85baf06a68333a196b3d8d241480a774733dcf8b"
  name = "go.uber.org/zap"
  packages = [
    ".",
    "buffer",
    "internal/bufferpool",
    "internal/color",
    "internal/exit",
    "zapcore",
  ]
  pruneopts = "UT"
  revision = "ff33455a0e382e8a81d14dd7c922020b6b5e7982"
  version = "v1.9.1"

[[projects]]
  branch = "master"
  digest = "1:001a4e7a40e50ff2ef32e2556bca50c4f77daa457db3ac6afc8bea9bb2122cfb"
  name = "golang.org/x/crypto"
  packages = [
    "bcrypt",
    "blowfish",
    "ssh/terminal",
  ]
  pruneopts = "UT"
  revision = "56440b844dfe139a8ac053f4ecac0b20b79058f4"

[[projects]]
  branch = "master"
  digest = "1:291ec4c005787458258a726212bc19d5ce080d435be164c57faca9e11770ef5f"
  name = "golang.org/x/net"
  packages = [
    "context",
    "html",
    "html/atom",
    "html/charset",
    "idna",
  ]
  pruneopts = "UT"
  revision = "f4c29de78a2a91c00474a2e689954305c350adf9"

[[projects]]
  branch = "master"
  digest = "1:bdd70b95d2f0faaad6d9e259aad84738c6bdeb8f45245be6487e88df45f5a0f1"
  name = "golang.org/x/sys"
  packages = [
    "unix",
    "windows",
  ]
  pruneopts = "UT"
  revision = "0ffbfd41fbef8ffcf9b62b0b0aa3a5873ed7a4fe"

[[projects]]
  digest = "1:bb8277a2ca2bcad6ff7f413b939375924099be908cedd1314baa21ecd08df477"
  name = "golang.org/x/text"
  packages = [
    "collate",
    "collate/build",
    "encoding",
    "encoding/charmap",
    "encoding/htmlindex",
    "encoding/internal",
    "encoding/internal/identifier",
    "encoding/japanese",
    "encoding/korean",
    "encoding/simplifiedchinese",
    "encoding/traditionalchinese",
    "encoding/unicode",
    "internal/colltab",
    "internal/gen",
    "internal/tag",
    "internal/triegen",
    "internal/ucd",
    "internal/utf8internal",
    "language",
    "runes",
    "secure/bidirule",
    "transform",
    "unicode/bidi",
    "unicode/cldr",
    "unicode/norm",
    "unicode/rangetable",
    "width",
  ]
  pruneopts = "UT"
  revision = "f21a4dfb5e38f5895301dc265a8def02365cc3d0"
  version = "v0.3.0"

[[projects]]
  digest = "1:c25289f43ac4a68d88b02245742347c94f1e108c534dda442188015ff80669b3"
  name = "google.golang.org/appengine"
  packages = ["cloudsql"]
  pruneopts = "UT"
  revision = "b1f26356af11148e710935ed1ac8a7f5702c7612"
  version = "v1.1.0"

[[projects]]
  digest = "1:abeb38ade3f32a92943e5be54f55ed6d6e3b6602761d74b4aab4c9dd45c18abd"
  name = "gopkg.in/fsnotify.v1"
  packages = ["."]
  pruneopts = "UT"
  revision = "c2828203cd70a50dcccfb2761f8b1f8ceef9a8e9"
  source = "gopkg.in/fsnotify/fsnotify.v1"
  version = "v1.4.7"

[[projects]]
  digest = "1:fa9a7c0ef59217bd22f32eb7cc027894d73f340a5633258cc079dec025db6a7f"
  name = "gopkg.in/gorp.v1"
  packages = ["."]
  pruneopts = "UT"
  revision = "c87af80f3cc5036b55b83d77171e156791085e2e"
  version = "v1.7.1"

[[projects]]
  branch = "v2"
  digest = "1:2642fd0b6900c77247d61d80cf2eb59a374ef4ffc2d25a1b95b87dc355b2894e"
  name = "gopkg.in/mgo.v2"
  packages = [
    "bson",
    "internal/json",
  ]
  pruneopts = "UT"
  revision = "9856a29383ce1c59f308dd1cf0363a79b5bef6b5"

[[projects]]
  branch = "v1"
  digest = "1:0caa92e17bc0b65a98c63e5bc76a9e844cd5e56493f8fdbb28fad101a16254d9"
  name = "gopkg.in/tomb.v1"
  packages = ["."]
  pruneopts = "UT"
  revision = "dd632973f1e7218eb1089048e0798ec9ae7dceb8"

[[projects]]
  digest = "1:342378ac4dcb378a5448dd723f0784ae519383532f5e70ade24132c4c8693202"
  name = "gopkg.in/yaml.v2"
  packages = ["."]
  pruneopts = "UT"
  revision = "5420a8b6744d3b0345ab293f6fcba19c978f1183"
  version = "v2.2.1"

[solve-meta]
  analyzer-name = "dep"
  analyzer-version = 1
  input-imports = [
    "github.com/go-openapi/errors",
    "github.com/go-openapi/loads",
    "github.com/go-openapi/runtime",
    "github.com/go-openapi/runtime/flagext",
    "github.com/go-openapi/runtime/middleware",
    "github.com/go-openapi/runtime/security",
    "github.com/go-openapi/spec",
    "github.com/go-openapi/strfmt",
    "github.com/go-openapi/swag",
    "github.com/go-openapi/validate",
    "github.com/go-sql-driver/mysql",
    "github.com/gobuffalo/packr",
    "github.com/golang/mock/gomock",
    "github.com/gorilla/sessions",
    "github.com/jessevdk/go-flags",
    "github.com/jinzhu/gorm",
    "github.com/jinzhu/gorm/dialects/mysql",
    "github.com/jinzhu/gorm/dialects/sqlite",
    "github.com/kelseyhightower/envconfig",
    "github.com/onsi/ginkgo",
    "github.com/onsi/gomega",
    "github.com/ory/dockertest",
    "github.com/pkg/errors",
    "github.com/rs/cors",
    "github.com/rubenv/sql-migrate",
    "github.com/satori/go.uuid",
    "github.com/tylerb/graceful",
    "go.uber.org/zap",
    "golang.org/x/crypto/bcrypt",
  ]
  solver-name = "gps-cdcl"
  solver-version = 1
